
Microsoft Visual Studio Solution File, Format Version 12.00
# Visual Studio Version 17
VisualStudioVersion = 17.12.35707.178
MinimumVisualStudioVersion = 10.0.40219.1
Project("{FAE04EC0-301F-11D3-BF4B-00C04F79EFBC}") = "API1", "API1\API1.csproj", "{797EC366-EB44-418B-952E-34DB1A457533}"
EndProject
Project("{FAE04EC0-301F-11D3-BF4B-00C04F79EFBC}") = "API2", "API2\API2.csproj", "{F138D957-9C39-4202-BC20-64AA0E899379}"
EndProject
Project("{FAE04EC0-301F-11D3-BF4B-00C04F79EFBC}") = "YARP-LB", "YARP-LB\YARP-LB.csproj", "{67D384EF-6C2D-4532-98EA-CE7699A41E8C}"
EndProject
Global
	GlobalSection(SolutionConfigurationPlatforms) = preSolution
		Debug|Any CPU = Debug|Any CPU
		Release|Any CPU = Release|Any CPU
	EndGlobalSection
	GlobalSection(ProjectConfigurationPlatforms) = postSolution
		{797EC366-EB44-418B-952E-34DB1A457533}.Debug|Any CPU.ActiveCfg = Debug|Any CPU
		{797EC366-EB44-418B-952E-34DB1A457533}.Debug|Any CPU.Build.0 = Debug|Any CPU
		{797EC366-EB44-418B-952E-34DB1A457533}.Release|Any CPU.ActiveCfg = Release|Any CPU
		{797EC366-EB44-418B-952E-34DB1A457533}.Release|Any CPU.Build.0 = Release|Any CPU
		{F138D957-9C39-4202-BC20-64AA0E899379}.Debug|Any CPU.ActiveCfg = Debug|Any CPU
		{F138D957-9C39-4202-BC20-64AA0E899379}.Debug|Any CPU.Build.0 = Debug|Any CPU
		{F138D957-9C39-4202-BC20-64AA0E899379}.Release|Any CPU.ActiveCfg = Release|Any CPU
		{F138D957-9C39-4202-BC20-64AA0E899379}.Release|Any CPU.Build.0 = Release|Any CPU
		{67D384EF-6C2D-4532-98EA-CE7699A41E8C}.Debug|Any CPU.ActiveCfg = Debug|Any CPU
		{67D384EF-6C2D-4532-98EA-CE7699A41E8C}.Debug|Any CPU.Build.0 = Debug|Any CPU
		{67D384EF-6C2D-4532-98EA-CE7699A41E8C}.Release|Any CPU.ActiveCfg = Release|Any CPU
		{67D384EF-6C2D-4532-98EA-CE7699A41E8C}.Release|Any CPU.Build.0 = Release|Any CPU
	EndGlobalSection
	GlobalSection(SolutionProperties) = preSolution
		HideSolutionNode = FALSE
	EndGlobalSection
EndGlobal
